
Microsoft Visual Studio Solution File, Format Version 12.00
# Visual Studio Version 17
VisualStudioVersion = 17.7.34024.191
MinimumVisualStudioVersion = 10.0.40219.1
Project("{FAE04EC0-301F-11D3-BF4B-00C04F79EFBC}") = "IWantApp", "IWantApp.csproj", "{B7D46913-B972-4AD9-AF25-12A9B908048E}"
EndProject
Global
	GlobalSection(SolutionConfigurationPlatforms) = preSolution
		Debug|Any CPU = Debug|Any CPU
		Release|Any CPU = Release|Any CPU
	EndGlobalSection
	GlobalSection(ProjectConfigurationPlatforms) = postSolution
		{B7D46913-B972-4AD9-AF25-12A9B908048E}.Debug|Any CPU.ActiveCfg = Debug|Any CPU
		{B7D46913-B972-4AD9-AF25-12A9B908048E}.Debug|Any CPU.Build.0 = Debug|Any CPU
		{B7D46913-B972-4AD9-AF25-12A9B908048E}.Release|Any CPU.ActiveCfg = Release|Any CPU
		{B7D46913-B972-4AD9-AF25-12A9B908048E}.Release|Any CPU.Build.0 = Release|Any CPU
	EndGlobalSection
	GlobalSection(SolutionProperties) = preSolution
		HideSolutionNode = FALSE
	EndGlobalSection
	GlobalSection(ExtensibilityGlobals) = postSolution
		SolutionGuid = {094B3E5F-2979-4478-9F52-E096D87CC6EF}
	EndGlobalSection
EndGlobal
